# This file is automatically @generated by Poetry 1.5.1 and should not be changed by hand.

[[package]]
name = "imageai"
version = "3.0.3"
description = "A python library built to empower developers to build applications and systems  with self-contained Computer Vision capabilities"
optional = false
python-versions = "*"
files = [
    {file = "imageai-3.0.3-py3-none-any.whl", hash = "sha256:204e065ecb051bce50e7202446b4880ec6517288c4799c1a6a8c055f2e93b28b"},
    {file = "imageai-3.0.3.tar.gz", hash = "sha256:b9f821b5c9138514169527129771a6105ae213bc0e2df471d55e43a1fd36d841"},
]

[metadata]
lock-version = "2.0"
python-versions = ">=3.10.0,<3.11"
content-hash = "fe6f7b0bf4904c65cdbd825a3d9bf5368741fb867634bfe7f4077a879b642a90"
